// !$*UTF8*$!
{
	archiveVersion = 1;
	classes = {
	};
	objectVersion = 46;
	objects = {

/* Begin PBXBuildFile section */
		2DAF3E4F1977CCF8002C0635 /* AppDelegate.swift in Sources */ = {isa = PBXBuildFile; fileRef = 2DAF3E4E1977CCF8002C0635 /* AppDelegate.swift */; };
		2DAF3E511977CCF8002C0635 /* ViewController.swift in Sources */ = {isa = PBXBuildFile; fileRef = 2DAF3E501977CCF8002C0635 /* ViewController.swift */; };
		2DAF3E541977CCF8002C0635 /* Main.storyboard in Resources */ = {isa = PBXBuildFile; fileRef = 2DAF3E521977CCF8002C0635 /* Main.storyboard */; };
		2DAF3E561977CCF8002C0635 /* Images.xcassets in Resources */ = {isa = PBXBuildFile; fileRef = 2DAF3E551977CCF8002C0635 /* Images.xcassets */; };
		2DAF3E621977CCF8002C0635 /* Chap1Tests.swift in Sources */ = {isa = PBXBuildFile; fileRef = 2DAF3E611977CCF8002C0635 /* Chap1Tests.swift */; };
/* End PBXBuildFile section */

/* Begin PBXContainerItemProxy section */
		2DAF3E5C1977CCF8002C0635 /* PBXContainerItemProxy */ = {
			isa = PBXContainerItemProxy;
			containerPortal = 2DAF3E411977CCF8002C0635 /* Project object */;
			proxyType = 1;
			remoteGlobalIDString = 2DAF3E481977CCF8002C0635;
			remoteInfo = Chap1;
		};
/* End PBXContainerItemProxy section */

/* Begin PBXFileReference section */
		2DAF3E491977CCF8002C0635 /* Chap1.app */ = {isa = PBXFileReference; explicitFileType = wrapper.application; includeInIndex = 0; path = Chap1.app; sourceTree = BUILT_PRODUCTS_DIR; };
		2DAF3E4D1977CCF8002C0635 /* Info.plist */ = {isa = PBXFileReference; lastKnownFileType = text.plist.xml; path = Info.plist; sourceTree = "<group>"; };
		2DAF3E4E1977CCF8002C0635 /* AppDelegate.swift */ = {isa = PBXFileReference; lastKnownFileType = sourcecode.swift; path = AppDelegate.swift; sourceTree = "<group>"; };
		2DAF3E501977CCF8002C0635 /* ViewController.swift */ = {isa = PBXFileReference; lastKnownFileType = sourcecode.swift; path = ViewController.swift; sourceTree = "<group>"; };
		2DAF3E531977CCF8002C0635 /* Base */ = {isa = PBXFileReference; lastKnownFileType = file.storyboard; name = Base; path = Base.lproj/Main.storyboard; sourceTree = "<group>"; };
		2DAF3E551977CCF8002C0635 /* Images.xcassets */ = {isa = PBXFileReference; lastKnownFileType = folder.assetcatalog; path = Images.xcassets; sourceTree = "<group>"; };
		2DAF3E5B1977CCF8002C0635 /* Chap1Tests.xctest */ = {isa = PBXFileReference; explicitFileType = wrapper.cfbundle; includeInIndex = 0; path = Chap1Tests.xctest; sourceTree = BUILT_PRODUCTS_DIR; };
		2DAF3E601977CCF8002C0635 /* Info.plist */ = {isa = PBXFileReference; lastKnownFileType = text.plist.xml; path = Info.plist; sourceTree = "<group>"; };
		2DAF3E611977CCF8002C0635 /* Chap1Tests.swift */ = {isa = PBXFileReference; lastKnownFileType = sourcecode.swift; path = Chap1Tests.swift; sourceTree = "<group>"; };
/* End PBXFileReference section */

/* Begin PBXFrameworksBuildPhase section */
		2DAF3E461977CCF8002C0635 /* Frameworks */ = {
			isa = PBXFrameworksBuildPhase;
			buildActionMask = 2147483647;
			files = (
			);
			runOnlyForDeploymentPostprocessing = 0;
		};
		2DAF3E581977CCF8002C0635 /* Frameworks */ = {
			isa = PBXFrameworksBuildPhase;
			buildActionMask = 2147483647;
			files = (
			);
			runOnlyForDeploymentPostprocessing = 0;
		};
/* End PBXFrameworksBuildPhase section */

/* Begin PBXGroup section */
		2DAF3E401977CCF8002C0635 = {
			isa = PBXGroup;
			children = (
				2DAF3E4B1977CCF8002C0635 /* Chap1 */,
				2DAF3E5E1977CCF8002C0635 /* Chap1Tests */,
				2DAF3E4A1977CCF8002C0635 /* Products */,
			);
			sourceTree = "<group>";
		};
		2DAF3E4A1977CCF8002C0635 /* Products */ = {
			isa = PBXGroup;
			children = (
				2DAF3E491977CCF8002C0635 /* Chap1.app */,
				2DAF3E5B1977CCF8002C0635 /* Chap1Tests.xctest */,
			);
			name = Products;
			sourceTree = "<group>";
		};
		2DAF3E4B1977CCF8002C0635 /* Chap1 */ = {
			isa = PBXGroup;
			children = (
				2DAF3E4E1977CCF8002C0635 /* AppDelegate.swift */,
				2DAF3E501977CCF8002C0635 /* ViewController.swift */,
				2DAF3E521977CCF8002C0635 /* Main.storyboard */,
				2DAF3E551977CCF8002C0635 /* Images.xcassets */,
				2DAF3E4C1977CCF8002C0635 /* Supporting Files */,
			);
			path = Chap1;
			sourceTree = "<group>";
		};
		2DAF3E4C1977CCF8002C0635 /* Supporting Files */ = {
			isa = PBXGroup;
			children = (
				2DAF3E4D1977CCF8002C0635 /* Info.plist */,
			);
			name = "Supporting Files";
			sourceTree = "<group>";
		};
		2DAF3E5E1977CCF8002C0635 /* Chap1Tests */ = {
			isa = PBXGroup;
			children = (
				2DAF3E611977CCF8002C0635 /* Chap1Tests.swift */,
				2DAF3E5F1977CCF8002C0635 /* Supporting Files */,
			);
			path = Chap1Tests;
			sourceTree = "<group>";
		};
		2DAF3E5F1977CCF8002C0635 /* Supporting Files */ = {
			isa = PBXGroup;
			children = (
				2DAF3E601977CCF8002C0635 /* Info.plist */,
			);
			name = "Supporting Files";
			sourceTree = "<group>";
		};
/* End PBXGroup section */

/* Begin PBXNativeTarget section */
		2DAF3E481977CCF8002C0635 /* Chap1 */ = {
			isa = PBXNativeTarget;
			buildConfigurationList = 2DAF3E651977CCF8002C0635 /* Build configuration list for PBXNativeTarget "Chap1" */;
			buildPhases = (
				2DAF3E451977CCF8002C0635 /* Sources */,
				2DAF3E461977CCF8002C0635 /* Frameworks */,
				2DAF3E471977CCF8002C0635 /* Resources */,
			);
			buildRules = (
			);
			dependencies = (
			);
			name = Chap1;
			productName = Chap1;
			productReference = 2DAF3E491977CCF8002C0635 /* Chap1.app */;
			productType = "com.apple.product-type.application";
		};
		2DAF3E5A1977CCF8002C0635 /* Chap1Tests */ = {
			isa = PBXNativeTarget;
			buildConfigurationList = 2DAF3E681977CCF8002C0635 /* Build configuration list for PBXNativeTarget "Chap1Tests" */;
			buildPhases = (
				2DAF3E571977CCF8002C0635 /* Sources */,
				2DAF3E581977CCF8002C0635 /* Frameworks */,
				2DAF3E591977CCF8002C0635 /* Resources */,
			);
			buildRules = (
			);
			dependencies = (
				2DAF3E5D1977CCF8002C0635 /* PBXTargetDependency */,
			);
			name = Chap1Tests;
			productName = Chap1Tests;
			productReference = 2DAF3E5B1977CCF8002C0635 /* Chap1Tests.xctest */;
			productType = "com.apple.product-type.bundle.unit-test";
		};
/* End PBXNativeTarget section */

/* Begin PBXProject section */
		2DAF3E411977CCF8002C0635 /* Project object */ = {
			isa = PBXProject;
			attributes = {
				LastUpgradeCheck = 0600;
				ORGANIZATIONNAME = PanaCloud;
				TargetAttributes = {
					2DAF3E481977CCF8002C0635 = {
						CreatedOnToolsVersion = 6.0;
					};
					2DAF3E5A1977CCF8002C0635 = {
						CreatedOnToolsVersion = 6.0;
						TestTargetID = 2DAF3E481977CCF8002C0635;
					};
				};
			};
			buildConfigurationList = 2DAF3E441977CCF8002C0635 /* Build configuration list for PBXProject "Chap1" */;
			compatibilityVersion = "Xcode 3.2";
			developmentRegion = English;
			hasScannedForEncodings = 0;
			knownRegions = (
				en,
				Base,
			);
			mainGroup = 2DAF3E401977CCF8002C0635;
			productRefGroup = 2DAF3E4A1977CCF8002C0635 /* Products */;
			projectDirPath = "";
			projectRoot = "";
			targets = (
				2DAF3E481977CCF8002C0635 /* Chap1 */,
				2DAF3E5A1977CCF8002C0635 /* Chap1Tests */,
			);
		};
/* End PBXProject section */

/* Begin PBXResourcesBuildPhase section */
		2DAF3E471977CCF8002C0635 /* Resources */ = {
			isa = PBXResourcesBuildPhase;
			buildActionMask = 2147483647;
			files = (
				2DAF3E541977CCF8002C0635 /* Main.storyboard in Resources */,
				2DAF3E561977CCF8002C0635 /* Images.xcassets in Resources */,
			);
			runOnlyForDeploymentPostprocessing = 0;
		};
		2DAF3E591977CCF8002C0635 /* Resources */ = {
			isa = PBXResourcesBuildPhase;
			buildActionMask = 2147483647;
			files = (
			);
			runOnlyForDeploymentPostprocessing = 0;
		};
/* End PBXResourcesBuildPhase section */

/* Begin PBXSourcesBuildPhase section */
		2DAF3E451977CCF8002C0635 /* Sources */ = {
			isa = PBXSourcesBuildPhase;
			buildActionMask = 2147483647;
			files = (
				2DAF3E511977CCF8002C0635 /* ViewController.swift in Sources */,
				2DAF3E4F1977CCF8002C0635 /* AppDelegate.swift in Sources */,
			);
			runOnlyForDeploymentPostprocessing = 0;
		};
		2DAF3E571977CCF8002C0635 /* Sources */ = {
			isa = PBXSourcesBuildPhase;
			buildActionMask = 2147483647;
			files = (
				2DAF3E621977CCF8002C0635 /* Chap1Tests.swift in Sources */,
			);
			runOnlyForDeploymentPostprocessing = 0;
		};
/* End PBXSourcesBuildPhase section */

/* Begin PBXTargetDependency section */
		2DAF3E5D1977CCF8002C0635 /* PBXTargetDependency */ = {
			isa = PBXTargetDependency;
			target = 2DAF3E481977CCF8002C0635 /* Chap1 */;
			targetProxy = 2DAF3E5C1977CCF8002C0635 /* PBXContainerItemProxy */;
		};
/* End PBXTargetDependency section */

/* Begin PBXVariantGroup section */
		2DAF3E521977CCF8002C0635 /* Main.storyboard */ = {
			isa = PBXVariantGroup;
			children = (
				2DAF3E531977CCF8002C0635 /* Base */,
			);
			name = Main.storyboard;
			sourceTree = "<group>";
		};
/* End PBXVariantGroup section */

/* Begin XCBuildConfiguration section */
		2DAF3E631977CCF8002C0635 /* Debug */ = {
			isa = XCBuildConfiguration;
			buildSettings = {
				ALWAYS_SEARCH_USER_PATHS = NO;
				CLANG_CXX_LANGUAGE_STANDARD = "gnu++0x";
				CLANG_CXX_LIBRARY = "libc++";
				CLANG_ENABLE_MODULES = YES;
				CLANG_ENABLE_OBJC_ARC = YES;
				CLANG_WARN_BOOL_CONVERSION = YES;
				CLANG_WARN_CONSTANT_CONVERSION = YES;
				CLANG_WARN_DIRECT_OBJC_ISA_USAGE = YES_ERROR;
				CLANG_WARN_EMPTY_BODY = YES;
				CLANG_WARN_ENUM_CONVERSION = YES;
				CLANG_WARN_INT_CONVERSION = YES;
				CLANG_WARN_OBJC_ROOT_CLASS = YES_ERROR;
				CLANG_WARN_UNREACHABLE_CODE = YES;
				CLANG_WARN__DUPLICATE_METHOD_MATCH = YES;
				"CODE_SIGN_IDENTITY[sdk=iphoneos*]" = "iPhone Developer";
				COPY_PHASE_STRIP = NO;
				ENABLE_STRICT_OBJC_MSGSEND = YES;
				GCC_C_LANGUAGE_STANDARD = gnu99;
				GCC_DYNAMIC_NO_PIC = NO;
				GCC_OPTIMIZATION_LEVEL = 0;
				GCC_PREPROCESSOR_DEFINITIONS = (
					"DEBUG=1",
					"$(inherited)",
				);
				GCC_SYMBOLS_PRIVATE_EXTERN = NO;
				GCC_WARN_64_TO_32_BIT_CONVERSION = YES;
				GCC_WARN_ABOUT_RETURN_TYPE = YES_ERROR;
				GCC_WARN_UNDECLARED_SELECTOR = YES;
				GCC_WARN_UNINITIALIZED_AUTOS = YES_AGGRESSIVE;
				GCC_WARN_UNUSED_FUNCTION = YES;
				GCC_WARN_UNUSED_VARIABLE = YES;
				IPHONEOS_DEPLOYMENT_TARGET = 8.0;
				MTL_ENABLE_DEBUG_INFO = YES;
				ONLY_ACTIVE_ARCH = YES;
				SDKROOT = iphoneos;
				SWIFT_OPTIMIZATION_LEVEL = "-Onone";
			};
			name = Debug;
		};
		2DAF3E641977CCF8002C0635 /* Release */ = {
			isa = XCBuildConfiguration;
			buildSettings = {
				ALWAYS_SEARCH_USER_PATHS = NO;
				CLANG_CXX_LANGUAGE_STANDARD = "gnu++0x";
				CLANG_CXX_LIBRARY = "libc++";
				CLANG_ENABLE_MODULES = YES;
				CLANG_ENABLE_OBJC_ARC = YES;
				CLANG_WARN_BOOL_CONVERSION = YES;
				CLANG_WARN_CONSTANT_CONVERSION = YES;
				CLANG_WARN_DIRECT_OBJC_ISA_USAGE = YES_ERROR;
				CLANG_WARN_EMPTY_BODY = YES;
				CLANG_WARN_ENUM_CONVERSION = YES;
				CLANG_WARN_INT_CONVERSION = YES;
				CLANG_WARN_OBJC_ROOT_CLASS = YES_ERROR;
				CLANG_WARN_UNREACHABLE_CODE = YES;
				CLANG_WARN__DUPLICATE_METHOD_MATCH = YES;
				"CODE_SIGN_IDENTITY[sdk=iphoneos*]" = "iPhone Developer";
				COPY_PHASE_STRIP = YES;
				ENABLE_NS_ASSERTIONS = NO;
				ENABLE_STRICT_OBJC_MSGSEND = YES;
				GCC_C_LANGUAGE_STANDARD = gnu99;
				GCC_WARN_64_TO_32_BIT_CONVERSION = YES;
				GCC_WARN_ABOUT_RETURN_TYPE = YES_ERROR;
				GCC_WARN_UNDECLARED_SELECTOR = YES;
				GCC_WARN_UNINITIALIZED_AUTOS = YES_AGGRESSIVE;
				GCC_WARN_UNUSED_FUNCTION = YES;
				GCC_WARN_UNUSED_VARIABLE = YES;
				IPHONEOS_DEPLOYMENT_TARGET = 8.0;
				MTL_ENABLE_DEBUG_INFO = NO;
				SDKROOT = iphoneos;
				VALIDATE_PRODUCT = YES;
			};
			name = Release;
		};
		2DAF3E661977CCF8002C0635 /* Debug */ = {
			isa = XCBuildConfiguration;
			buildSettings = {
				ASSETCATALOG_COMPILER_APPICON_NAME = AppIcon;
				ASSETCATALOG_COMPILER_LAUNCHIMAGE_NAME = LaunchImage;
				INFOPLIST_FILE = Chap1/Info.plist;
				LD_RUNPATH_SEARCH_PATHS = "$(inherited) @executable_path/Frameworks";
				PRODUCT_NAME = "$(TARGET_NAME)";
			};
			name = Debug;
		};
		2DAF3E671977CCF8002C0635 /* Release */ = {
			isa = XCBuildConfiguration;
			buildSettings = {
				ASSETCATALOG_COMPILER_APPICON_NAME = AppIcon;
				ASSETCATALOG_COMPILER_LAUNCHIMAGE_NAME = LaunchImage;
				INFOPLIST_FILE = Chap1/Info.plist;
				LD_RUNPATH_SEARCH_PATHS = "$(inherited) @executable_path/Frameworks";
				PRODUCT_NAME = "$(TARGET_NAME)";
			};
			name = Release;
		};
		2DAF3E691977CCF8002C0635 /* Debug */ = {
			isa = XCBuildConfiguration;
			buildSettings = {
				BUNDLE_LOADER = "$(BUILT_PRODUCTS_DIR)/Chap1.app/Chap1";
				FRAMEWORK_SEARCH_PATHS = (
					"$(SDKROOT)/Developer/Library/Frameworks",
					"$(inherited)",
				);
				GCC_PREPROCESSOR_DEFINITIONS = (
					"DEBUG=1",
					"$(inherited)",
				);
				INFOPLIST_FILE = Chap1Tests/Info.plist;
				LD_RUNPATH_SEARCH_PATHS = "$(inherited) @executable_path/Frameworks @loader_path/Frameworks";
				PRODUCT_NAME = "$(TARGET_NAME)";
				TEST_HOST = "$(BUNDLE_LOADER)";
			};
			name = Debug;
		};
		2DAF3E6A1977CCF8002C0635 /* Release */ = {
			isa = XCBuildConfiguration;
			buildSettings = {
				BUNDLE_LOADER = "$(BUILT_PRODUCTS_DIR)/Chap1.app/Chap1";
				FRAMEWORK_SEARCH_PATHS = (
					"$(SDKROOT)/Developer/Library/Frameworks",
					"$(inherited)",
				);
				INFOPLIST_FILE = Chap1Tests/Info.plist;
				LD_RUNPATH_SEARCH_PATHS = "$(inherited) @executable_path/Frameworks @loader_path/Frameworks";
				PRODUCT_NAME = "$(TARGET_NAME)";
				TEST_HOST = "$(BUNDLE_LOADER)";
			};
			name = Release;
		};
/* End XCBuildConfiguration section */

/* Begin XCConfigurationList section */
		2DAF3E441977CCF8002C0635 /* Build configuration list for PBXProject "Chap1" */ = {
			isa = XCConfigurationList;
			buildConfigurations = (
				2DAF3E631977CCF8002C0635 /* Debug */,
				2DAF3E641977CCF8002C0635 /* Release */,
			);
			defaultConfigurationIsVisible = 0;
			defaultConfigurationName = Release;
		};
		2DAF3E651977CCF8002C0635 /* Build configuration list for PBXNativeTarget "Chap1" */ = {
			isa = XCConfigurationList;
			buildConfigurations = (
				2DAF3E661977CCF8002C0635 /* Debug */,
				2DAF3E671977CCF8002C0635 /* Release */,
			);
			defaultConfigurationIsVisible = 0;
		};
		2DAF3E681977CCF8002C0635 /* Build configuration list for PBXNativeTarget "Chap1Tests" */ = {
			isa = XCConfigurationList;
			buildConfigurations = (
				2DAF3E691977CCF8002C0635 /* Debug */,
				2DAF3E6A1977CCF8002C0635 /* Release */,
			);
			defaultConfigurationIsVisible = 0;
		};
/* End XCConfigurationList section */
	};
	rootObject = 2DAF3E411977CCF8002C0635 /* Project object */;
}
