// !$*UTF8*$!
{
	archiveVersion = 1;
	classes = {
	};
	objectVersion = 46;
	objects = {

/* Begin PBXBuildFile section */
		2EC9DACA1990EB3F005D6C4D /* AppDelegate.swift in Sources */ = {isa = PBXBuildFile; fileRef = 2EC9DAC91990EB3F005D6C4D /* AppDelegate.swift */; };
		2EC9DACC1990EB3F005D6C4D /* Images.xcassets in Resources */ = {isa = PBXBuildFile; fileRef = 2EC9DACB1990EB3F005D6C4D /* Images.xcassets */; };
		2EC9DAD81990EB3F005D6C4D /* HypnoNerdTests.swift in Sources */ = {isa = PBXBuildFile; fileRef = 2EC9DAD71990EB3F005D6C4D /* HypnoNerdTests.swift */; };
		2EC9DAE21990EBC5005D6C4D /* BNRHypnosisView.swift in Sources */ = {isa = PBXBuildFile; fileRef = 2EC9DAE11990EBC5005D6C4D /* BNRHypnosisView.swift */; };
		2EC9DAE41990EE61005D6C4D /* HypnosisViewController.swift in Sources */ = {isa = PBXBuildFile; fileRef = 2EC9DAE31990EE61005D6C4D /* HypnosisViewController.swift */; };
/* End PBXBuildFile section */

/* Begin PBXContainerItemProxy section */
		2EC9DAD21990EB3F005D6C4D /* PBXContainerItemProxy */ = {
			isa = PBXContainerItemProxy;
			containerPortal = 2EC9DABC1990EB3F005D6C4D /* Project object */;
			proxyType = 1;
			remoteGlobalIDString = 2EC9DAC31990EB3F005D6C4D;
			remoteInfo = HypnoNerd;
		};
/* End PBXContainerItemProxy section */

/* Begin PBXFileReference section */
		2EC9DAC41990EB3F005D6C4D /* HypnoNerd.app */ = {isa = PBXFileReference; explicitFileType = wrapper.application; includeInIndex = 0; path = HypnoNerd.app; sourceTree = BUILT_PRODUCTS_DIR; };
		2EC9DAC81990EB3F005D6C4D /* Info.plist */ = {isa = PBXFileReference; lastKnownFileType = text.plist.xml; path = Info.plist; sourceTree = "<group>"; };
		2EC9DAC91990EB3F005D6C4D /* AppDelegate.swift */ = {isa = PBXFileReference; lastKnownFileType = sourcecode.swift; path = AppDelegate.swift; sourceTree = "<group>"; };
		2EC9DACB1990EB3F005D6C4D /* Images.xcassets */ = {isa = PBXFileReference; lastKnownFileType = folder.assetcatalog; path = Images.xcassets; sourceTree = "<group>"; };
		2EC9DAD11990EB3F005D6C4D /* HypnoNerdTests.xctest */ = {isa = PBXFileReference; explicitFileType = wrapper.cfbundle; includeInIndex = 0; path = HypnoNerdTests.xctest; sourceTree = BUILT_PRODUCTS_DIR; };
		2EC9DAD61990EB3F005D6C4D /* Info.plist */ = {isa = PBXFileReference; lastKnownFileType = text.plist.xml; path = Info.plist; sourceTree = "<group>"; };
		2EC9DAD71990EB3F005D6C4D /* HypnoNerdTests.swift */ = {isa = PBXFileReference; lastKnownFileType = sourcecode.swift; path = HypnoNerdTests.swift; sourceTree = "<group>"; };
		2EC9DAE11990EBC5005D6C4D /* BNRHypnosisView.swift */ = {isa = PBXFileReference; fileEncoding = 4; lastKnownFileType = sourcecode.swift; path = BNRHypnosisView.swift; sourceTree = "<group>"; };
		2EC9DAE31990EE61005D6C4D /* HypnosisViewController.swift */ = {isa = PBXFileReference; fileEncoding = 4; lastKnownFileType = sourcecode.swift; path = HypnosisViewController.swift; sourceTree = "<group>"; };
/* End PBXFileReference section */

/* Begin PBXFrameworksBuildPhase section */
		2EC9DAC11990EB3F005D6C4D /* Frameworks */ = {
			isa = PBXFrameworksBuildPhase;
			buildActionMask = 2147483647;
			files = (
			);
			runOnlyForDeploymentPostprocessing = 0;
		};
		2EC9DACE1990EB3F005D6C4D /* Frameworks */ = {
			isa = PBXFrameworksBuildPhase;
			buildActionMask = 2147483647;
			files = (
			);
			runOnlyForDeploymentPostprocessing = 0;
		};
/* End PBXFrameworksBuildPhase section */

/* Begin PBXGroup section */
		2EC9DABB1990EB3F005D6C4D = {
			isa = PBXGroup;
			children = (
				2EC9DAC61990EB3F005D6C4D /* HypnoNerd */,
				2EC9DAD41990EB3F005D6C4D /* HypnoNerdTests */,
				2EC9DAC51990EB3F005D6C4D /* Products */,
			);
			sourceTree = "<group>";
		};
		2EC9DAC51990EB3F005D6C4D /* Products */ = {
			isa = PBXGroup;
			children = (
				2EC9DAC41990EB3F005D6C4D /* HypnoNerd.app */,
				2EC9DAD11990EB3F005D6C4D /* HypnoNerdTests.xctest */,
			);
			name = Products;
			sourceTree = "<group>";
		};
		2EC9DAC61990EB3F005D6C4D /* HypnoNerd */ = {
			isa = PBXGroup;
			children = (
				2EC9DAE11990EBC5005D6C4D /* BNRHypnosisView.swift */,
				2EC9DAC91990EB3F005D6C4D /* AppDelegate.swift */,
				2EC9DACB1990EB3F005D6C4D /* Images.xcassets */,
				2EC9DAC71990EB3F005D6C4D /* Supporting Files */,
				2EC9DAE31990EE61005D6C4D /* HypnosisViewController.swift */,
			);
			path = HypnoNerd;
			sourceTree = "<group>";
		};
		2EC9DAC71990EB3F005D6C4D /* Supporting Files */ = {
			isa = PBXGroup;
			children = (
				2EC9DAC81990EB3F005D6C4D /* Info.plist */,
			);
			name = "Supporting Files";
			sourceTree = "<group>";
		};
		2EC9DAD41990EB3F005D6C4D /* HypnoNerdTests */ = {
			isa = PBXGroup;
			children = (
				2EC9DAD71990EB3F005D6C4D /* HypnoNerdTests.swift */,
				2EC9DAD51990EB3F005D6C4D /* Supporting Files */,
			);
			path = HypnoNerdTests;
			sourceTree = "<group>";
		};
		2EC9DAD51990EB3F005D6C4D /* Supporting Files */ = {
			isa = PBXGroup;
			children = (
				2EC9DAD61990EB3F005D6C4D /* Info.plist */,
			);
			name = "Supporting Files";
			sourceTree = "<group>";
		};
/* End PBXGroup section */

/* Begin PBXNativeTarget section */
		2EC9DAC31990EB3F005D6C4D /* HypnoNerd */ = {
			isa = PBXNativeTarget;
			buildConfigurationList = 2EC9DADB1990EB3F005D6C4D /* Build configuration list for PBXNativeTarget "HypnoNerd" */;
			buildPhases = (
				2EC9DAC01990EB3F005D6C4D /* Sources */,
				2EC9DAC11990EB3F005D6C4D /* Frameworks */,
				2EC9DAC21990EB3F005D6C4D /* Resources */,
			);
			buildRules = (
			);
			dependencies = (
			);
			name = HypnoNerd;
			productName = HypnoNerd;
			productReference = 2EC9DAC41990EB3F005D6C4D /* HypnoNerd.app */;
			productType = "com.apple.product-type.application";
		};
		2EC9DAD01990EB3F005D6C4D /* HypnoNerdTests */ = {
			isa = PBXNativeTarget;
			buildConfigurationList = 2EC9DADE1990EB3F005D6C4D /* Build configuration list for PBXNativeTarget "HypnoNerdTests" */;
			buildPhases = (
				2EC9DACD1990EB3F005D6C4D /* Sources */,
				2EC9DACE1990EB3F005D6C4D /* Frameworks */,
				2EC9DACF1990EB3F005D6C4D /* Resources */,
			);
			buildRules = (
			);
			dependencies = (
				2EC9DAD31990EB3F005D6C4D /* PBXTargetDependency */,
			);
			name = HypnoNerdTests;
			productName = HypnoNerdTests;
			productReference = 2EC9DAD11990EB3F005D6C4D /* HypnoNerdTests.xctest */;
			productType = "com.apple.product-type.bundle.unit-test";
		};
/* End PBXNativeTarget section */

/* Begin PBXProject section */
		2EC9DABC1990EB3F005D6C4D /* Project object */ = {
			isa = PBXProject;
			attributes = {
				LastUpgradeCheck = 0600;
				ORGANIZATIONNAME = Panacloud;
				TargetAttributes = {
					2EC9DAC31990EB3F005D6C4D = {
						CreatedOnToolsVersion = 6.0;
					};
					2EC9DAD01990EB3F005D6C4D = {
						CreatedOnToolsVersion = 6.0;
						TestTargetID = 2EC9DAC31990EB3F005D6C4D;
					};
				};
			};
			buildConfigurationList = 2EC9DABF1990EB3F005D6C4D /* Build configuration list for PBXProject "HypnoNerd" */;
			compatibilityVersion = "Xcode 3.2";
			developmentRegion = English;
			hasScannedForEncodings = 0;
			knownRegions = (
				en,
			);
			mainGroup = 2EC9DABB1990EB3F005D6C4D;
			productRefGroup = 2EC9DAC51990EB3F005D6C4D /* Products */;
			projectDirPath = "";
			projectRoot = "";
			targets = (
				2EC9DAC31990EB3F005D6C4D /* HypnoNerd */,
				2EC9DAD01990EB3F005D6C4D /* HypnoNerdTests */,
			);
		};
/* End PBXProject section */

/* Begin PBXResourcesBuildPhase section */
		2EC9DAC21990EB3F005D6C4D /* Resources */ = {
			isa = PBXResourcesBuildPhase;
			buildActionMask = 2147483647;
			files = (
				2EC9DACC1990EB3F005D6C4D /* Images.xcassets in Resources */,
			);
			runOnlyForDeploymentPostprocessing = 0;
		};
		2EC9DACF1990EB3F005D6C4D /* Resources */ = {
			isa = PBXResourcesBuildPhase;
			buildActionMask = 2147483647;
			files = (
			);
			runOnlyForDeploymentPostprocessing = 0;
		};
/* End PBXResourcesBuildPhase section */

/* Begin PBXSourcesBuildPhase section */
		2EC9DAC01990EB3F005D6C4D /* Sources */ = {
			isa = PBXSourcesBuildPhase;
			buildActionMask = 2147483647;
			files = (
				2EC9DAE41990EE61005D6C4D /* HypnosisViewController.swift in Sources */,
				2EC9DAE21990EBC5005D6C4D /* BNRHypnosisView.swift in Sources */,
				2EC9DACA1990EB3F005D6C4D /* AppDelegate.swift in Sources */,
			);
			runOnlyForDeploymentPostprocessing = 0;
		};
		2EC9DACD1990EB3F005D6C4D /* Sources */ = {
			isa = PBXSourcesBuildPhase;
			buildActionMask = 2147483647;
			files = (
				2EC9DAD81990EB3F005D6C4D /* HypnoNerdTests.swift in Sources */,
			);
			runOnlyForDeploymentPostprocessing = 0;
		};
/* End PBXSourcesBuildPhase section */

/* Begin PBXTargetDependency section */
		2EC9DAD31990EB3F005D6C4D /* PBXTargetDependency */ = {
			isa = PBXTargetDependency;
			target = 2EC9DAC31990EB3F005D6C4D /* HypnoNerd */;
			targetProxy = 2EC9DAD21990EB3F005D6C4D /* PBXContainerItemProxy */;
		};
/* End PBXTargetDependency section */

/* Begin XCBuildConfiguration section */
		2EC9DAD91990EB3F005D6C4D /* Debug */ = {
			isa = XCBuildConfiguration;
			buildSettings = {
				ALWAYS_SEARCH_USER_PATHS = NO;
				CLANG_CXX_LANGUAGE_STANDARD = "gnu++0x";
				CLANG_CXX_LIBRARY = "libc++";
				CLANG_ENABLE_MODULES = YES;
				CLANG_ENABLE_OBJC_ARC = YES;
				CLANG_WARN_BOOL_CONVERSION = YES;
				CLANG_WARN_CONSTANT_CONVERSION = YES;
				CLANG_WARN_DIRECT_OBJC_ISA_USAGE = YES_ERROR;
				CLANG_WARN_EMPTY_BODY = YES;
				CLANG_WARN_ENUM_CONVERSION = YES;
				CLANG_WARN_INT_CONVERSION = YES;
				CLANG_WARN_OBJC_ROOT_CLASS = YES_ERROR;
				CLANG_WARN_UNREACHABLE_CODE = YES;
				CLANG_WARN__DUPLICATE_METHOD_MATCH = YES;
				"CODE_SIGN_IDENTITY[sdk=iphoneos*]" = "iPhone Developer";
				COPY_PHASE_STRIP = NO;
				ENABLE_STRICT_OBJC_MSGSEND = YES;
				GCC_C_LANGUAGE_STANDARD = gnu99;
				GCC_DYNAMIC_NO_PIC = NO;
				GCC_OPTIMIZATION_LEVEL = 0;
				GCC_PREPROCESSOR_DEFINITIONS = (
					"DEBUG=1",
					"$(inherited)",
				);
				GCC_SYMBOLS_PRIVATE_EXTERN = NO;
				GCC_WARN_64_TO_32_BIT_CONVERSION = YES;
				GCC_WARN_ABOUT_RETURN_TYPE = YES_ERROR;
				GCC_WARN_UNDECLARED_SELECTOR = YES;
				GCC_WARN_UNINITIALIZED_AUTOS = YES_AGGRESSIVE;
				GCC_WARN_UNUSED_FUNCTION = YES;
				GCC_WARN_UNUSED_VARIABLE = YES;
				IPHONEOS_DEPLOYMENT_TARGET = 8.0;
				MTL_ENABLE_DEBUG_INFO = YES;
				ONLY_ACTIVE_ARCH = YES;
				SDKROOT = iphoneos;
				SWIFT_OPTIMIZATION_LEVEL = "-Onone";
			};
			name = Debug;
		};
		2EC9DADA1990EB3F005D6C4D /* Release */ = {
			isa = XCBuildConfiguration;
			buildSettings = {
				ALWAYS_SEARCH_USER_PATHS = NO;
				CLANG_CXX_LANGUAGE_STANDARD = "gnu++0x";
				CLANG_CXX_LIBRARY = "libc++";
				CLANG_ENABLE_MODULES = YES;
				CLANG_ENABLE_OBJC_ARC = YES;
				CLANG_WARN_BOOL_CONVERSION = YES;
				CLANG_WARN_CONSTANT_CONVERSION = YES;
				CLANG_WARN_DIRECT_OBJC_ISA_USAGE = YES_ERROR;
				CLANG_WARN_EMPTY_BODY = YES;
				CLANG_WARN_ENUM_CONVERSION = YES;
				CLANG_WARN_INT_CONVERSION = YES;
				CLANG_WARN_OBJC_ROOT_CLASS = YES_ERROR;
				CLANG_WARN_UNREACHABLE_CODE = YES;
				CLANG_WARN__DUPLICATE_METHOD_MATCH = YES;
				"CODE_SIGN_IDENTITY[sdk=iphoneos*]" = "iPhone Developer";
				COPY_PHASE_STRIP = YES;
				ENABLE_NS_ASSERTIONS = NO;
				ENABLE_STRICT_OBJC_MSGSEND = YES;
				GCC_C_LANGUAGE_STANDARD = gnu99;
				GCC_WARN_64_TO_32_BIT_CONVERSION = YES;
				GCC_WARN_ABOUT_RETURN_TYPE = YES_ERROR;
				GCC_WARN_UNDECLARED_SELECTOR = YES;
				GCC_WARN_UNINITIALIZED_AUTOS = YES_AGGRESSIVE;
				GCC_WARN_UNUSED_FUNCTION = YES;
				GCC_WARN_UNUSED_VARIABLE = YES;
				IPHONEOS_DEPLOYMENT_TARGET = 8.0;
				MTL_ENABLE_DEBUG_INFO = NO;
				SDKROOT = iphoneos;
				VALIDATE_PRODUCT = YES;
			};
			name = Release;
		};
		2EC9DADC1990EB3F005D6C4D /* Debug */ = {
			isa = XCBuildConfiguration;
			buildSettings = {
				ASSETCATALOG_COMPILER_APPICON_NAME = AppIcon;
				ASSETCATALOG_COMPILER_LAUNCHIMAGE_NAME = LaunchImage;
				INFOPLIST_FILE = HypnoNerd/Info.plist;
				LD_RUNPATH_SEARCH_PATHS = "$(inherited) @executable_path/Frameworks";
				PRODUCT_NAME = "$(TARGET_NAME)";
			};
			name = Debug;
		};
		2EC9DADD1990EB3F005D6C4D /* Release */ = {
			isa = XCBuildConfiguration;
			buildSettings = {
				ASSETCATALOG_COMPILER_APPICON_NAME = AppIcon;
				ASSETCATALOG_COMPILER_LAUNCHIMAGE_NAME = LaunchImage;
				INFOPLIST_FILE = HypnoNerd/Info.plist;
				LD_RUNPATH_SEARCH_PATHS = "$(inherited) @executable_path/Frameworks";
				PRODUCT_NAME = "$(TARGET_NAME)";
			};
			name = Release;
		};
		2EC9DADF1990EB3F005D6C4D /* Debug */ = {
			isa = XCBuildConfiguration;
			buildSettings = {
				BUNDLE_LOADER = "$(BUILT_PRODUCTS_DIR)/HypnoNerd.app/HypnoNerd";
				FRAMEWORK_SEARCH_PATHS = (
					"$(SDKROOT)/Developer/Library/Frameworks",
					"$(inherited)",
				);
				GCC_PREPROCESSOR_DEFINITIONS = (
					"DEBUG=1",
					"$(inherited)",
				);
				INFOPLIST_FILE = HypnoNerdTests/Info.plist;
				LD_RUNPATH_SEARCH_PATHS = "$(inherited) @executable_path/Frameworks @loader_path/Frameworks";
				PRODUCT_NAME = "$(TARGET_NAME)";
				TEST_HOST = "$(BUNDLE_LOADER)";
			};
			name = Debug;
		};
		2EC9DAE01990EB3F005D6C4D /* Release */ = {
			isa = XCBuildConfiguration;
			buildSettings = {
				BUNDLE_LOADER = "$(BUILT_PRODUCTS_DIR)/HypnoNerd.app/HypnoNerd";
				FRAMEWORK_SEARCH_PATHS = (
					"$(SDKROOT)/Developer/Library/Frameworks",
					"$(inherited)",
				);
				INFOPLIST_FILE = HypnoNerdTests/Info.plist;
				LD_RUNPATH_SEARCH_PATHS = "$(inherited) @executable_path/Frameworks @loader_path/Frameworks";
				PRODUCT_NAME = "$(TARGET_NAME)";
				TEST_HOST = "$(BUNDLE_LOADER)";
			};
			name = Release;
		};
/* End XCBuildConfiguration section */

/* Begin XCConfigurationList section */
		2EC9DABF1990EB3F005D6C4D /* Build configuration list for PBXProject "HypnoNerd" */ = {
			isa = XCConfigurationList;
			buildConfigurations = (
				2EC9DAD91990EB3F005D6C4D /* Debug */,
				2EC9DADA1990EB3F005D6C4D /* Release */,
			);
			defaultConfigurationIsVisible = 0;
			defaultConfigurationName = Release;
		};
		2EC9DADB1990EB3F005D6C4D /* Build configuration list for PBXNativeTarget "HypnoNerd" */ = {
			isa = XCConfigurationList;
			buildConfigurations = (
				2EC9DADC1990EB3F005D6C4D /* Debug */,
				2EC9DADD1990EB3F005D6C4D /* Release */,
			);
			defaultConfigurationIsVisible = 0;
		};
		2EC9DADE1990EB3F005D6C4D /* Build configuration list for PBXNativeTarget "HypnoNerdTests" */ = {
			isa = XCConfigurationList;
			buildConfigurations = (
				2EC9DADF1990EB3F005D6C4D /* Debug */,
				2EC9DAE01990EB3F005D6C4D /* Release */,
			);
			defaultConfigurationIsVisible = 0;
		};
/* End XCConfigurationList section */
	};
	rootObject = 2EC9DABC1990EB3F005D6C4D /* Project object */;
}
